
Microsoft Visual Studio Solution File, Format Version 12.00
# Visual Studio Version 16
VisualStudioVersion = 16.0.29215.179
MinimumVisualStudioVersion = 10.0.40219.1
Project("{FAE04EC0-301F-11D3-BF4B-00C04F79EFBC}") = "Inheritance", "Inheritance\Inheritance.csproj", "{920E6A31-9D59-45B8-A976-1F29C875082A}"
EndProject
Global
	GlobalSection(SolutionConfigurationPlatforms) = preSolution
		Debug|Any CPU = Debug|Any CPU
		Release|Any CPU = Release|Any CPU
	EndGlobalSection
	GlobalSection(ProjectConfigurationPlatforms) = postSolution
		{920E6A31-9D59-45B8-A976-1F29C875082A}.Debug|Any CPU.ActiveCfg = Debug|Any CPU
		{920E6A31-9D59-45B8-A976-1F29C875082A}.Debug|Any CPU.Build.0 = Debug|Any CPU
		{920E6A31-9D59-45B8-A976-1F29C875082A}.Release|Any CPU.ActiveCfg = Release|Any CPU
		{920E6A31-9D59-45B8-A976-1F29C875082A}.Release|Any CPU.Build.0 = Release|Any CPU
	EndGlobalSection
	GlobalSection(SolutionProperties) = preSolution
		HideSolutionNode = FALSE
	EndGlobalSection
	GlobalSection(ExtensibilityGlobals) = postSolution
		SolutionGuid = {5BE9457A-DA06-45E9-81F0-A5C6A45E0D32}
	EndGlobalSection
EndGlobal
